version = 1
revision = 3
requires-python = ">=3.11, <3.13"
resolution-markers = [
    "python_full_version >= '3.12'",
    "python_full_version < '3.12'",
]

[manifest]
overrides = [{ name = "opendbc", specifier = "==0.3.1" }]

[[package]]
name = "colorama"
version = "0.4.6"
source = { registry = "https://pypi.org/simple" }
sdist = { url = "https://files.pythonhosted.org/packages/d8/53/6f443c9a4a8358a93a6792e2acffb9d9d5cb0a5cfd8802644b7b1c9a02e4/colorama-0.4.6.tar.gz", hash = "sha256:08695f5cb7ed6e0531a20572697297273c47b8cae5a63ffc6d6ed5c201be6e44", size = 27697, upload-time = "2022-10-25T02:36:22.414Z" }
wheels = [
    { url = "https://files.pythonhosted.org/packages/d1/d6/3965ed04c63042e047cb6a3e6ed1a63a35087b6a609aa3a15ed8ac56c221/colorama-0.4.6-py2.py3-none-any.whl", hash = "sha256:4f1d9991f5acc0ca119f9d443620b77f9d6b33703e51011c16baf57afb285fc6", size = 25335, upload-time = "2022-10-25T02:36:20.889Z" },
]

[[package]]
name = "importlib-resources"
version = "7.1.0"
source = { registry = "https://pypi.org/simple" }
sdist = { url = "https://files.pythonhosted.org/packages/e4/06/b56dfa750b44e86157093bc8fca0ab81dccbf5260510de4eaf1cb69b5b99/importlib_resources-7.1.0.tar.gz", hash = "sha256:0722d4c6212489c530f2a145a34c0a7a3b4721bc96a15fada5930e2a0b760708", size = 44985, upload-time = "2026-04-12T16:36:09.232Z" }
wheels = [
    { url = "https://files.pythonhosted.org/packages/8a/db/55a262f3606bebcae07cc14095338471ad7c0bbcaa37707e6f0ee49725b7/importlib_resources-7.1.0-py3-none-any.whl", hash = "sha256:1bd7b48b4088eddb2cd16382150bb515af0bd2c70128194392725f82ad2c96a1", size = 37232, upload-time = "2026-04-12T16:36:08.219Z" },
]

[[package]]
name = "iniconfig"
version = "2.3.0"
source = { registry = "https://pypi.org/simple" }
sdist = { url = "https://files.pythonhosted.org/packages/72/34/14ca021ce8e5dfedc35312d08ba8bf51fdd999c576889fc2c24cb97f4f10/iniconfig-2.3.0.tar.gz", hash = "sha256:c76315c77db068650d49c5b56314774a7804df16fee4402c1f19d6d15d8c4730", size = 20503, upload-time = "2025-10-18T21:55:43.219Z" }
wheels = [
    { url = "https://files.pythonhosted.org/packages/cb/b1/3846dd7f199d53cb17f49cba7e651e9ce294d8497c8c150530ed11865bb8/iniconfig-2.3.0-py3-none-any.whl", hash = "sha256:f631c04d2c48c52b84d0d0549c99ff3859c98df65b3101406327ecc7d53fbf12", size = 7484, upload-time = "2025-10-18T21:55:41.639Z" },
]

[[package]]
name = "libusb-package"
version = "1.0.30.0"
source = { registry = "https://pypi.org/simple" }
dependencies = [
    { name = "importlib-resources" },
]
wheels = [
    { url = "https://files.pythonhosted.org/packages/42/a8/8b3d5dae7340880d556f9f866874b9674b2e3a22fee1e2b96f1ab0feae36/libusb_package-1.0.30.0-py3-none-macosx_10_9_x86_64.whl", hash = "sha256:2b98784bac3bedda7e95bb5039dd0eded84b02f36110e4d5d607375366c61090", size = 69516, upload-time = "2026-06-30T07:41:02.451Z" },
    { url = "https://files.pythonhosted.org/packages/52/6f/26de4e9f858ab50e87931f0be268f3c1bbfce33e8584add60da857632142/libusb_package-1.0.30.0-py3-none-macosx_11_0_arm64.whl", hash = "sha256:4ad25f8d254bbbdd234446d5580b24d62d59bb0e690d8090457dac347f044437", size = 65700, upload-time = "2026-06-30T07:41:03.557Z" },
    { url = "https://files.pythonhosted.org/packages/11/12/9ba8fa91dc95b1cbfa4a68207d4048b08b900fd3686fa72b99846608de01/libusb_package-1.0.30.0-py3-none-manylinux2014_aarch64.manylinux_2_17_aarch64.manylinux_2_28_aarch64.whl", hash = "sha256:c71b5f8c65b286425c02c7d624eee1fd7f08bfb1dfa492ddc20e27f06fee3829", size = 76166, upload-time = "2026-06-30T07:41:04.462Z" },
    { url = "https://files.pythonhosted.org/packages/6f/e1/a7c83535749332825f02d6693868f8ee9ae99c4104e60a483773bb652c0e/libusb_package-1.0.30.0-py3-none-manylinux2014_x86_64.manylinux_2_17_x86_64.manylinux_2_28_x86_64.whl", hash = "sha256:f502ad5a0527b8c0431de817662325c88a1bba2cc334173665b04ad168d7b6d3", size = 76159, upload-time = "2026-06-30T07:41:05.543Z" },
    { url = "https://files.pythonhosted.org/packages/de/56/a1fb1726fc96a8ee3bd0e04e5e505500f022dd310dd348ecebf5cdae7a60/libusb_package-1.0.30.0-py3-none-musllinux_1_2_aarch64.whl", hash = "sha256:7a2a1c82f6ef85d9920cbe2898aa6927d4c487744ef9f20b0d7d6d95705095bb", size = 77162, upload-time = "2026-06-30T07:41:06.581Z" },
    { url = "https://files.pythonhosted.org/packages/7b/03/264cefc51275ecb047194c4973bc40b3b278566a64bbe6e74f86bf1e0afc/libusb_package-1.0.30.0-py3-none-musllinux_1_2_x86_64.whl", hash = "sha256:2ee5ef8ac6f08402b4e8334f7404850316bdd26037c9a97f2a7456ee9a5d1550", size = 76676, upload-time = "2026-06-30T07:41:07.505Z" },
    { url = "https://files.pythonhosted.org/packages/e5/95/d166eeefe0d9dd5833d5724a97b023ec380c3a2d364040ec0485fd57703c/libusb_package-1.0.30.0-py3-none-win32.whl", hash = "sha256:79728146e1f01e525786900b2ccd8298a8eca53cd94b37fb0885e56aa6f9d60a", size = 78769, upload-time = "2026-06-30T07:41:08.432Z" },
    { url = "https://files.pythonhosted.org/packages/60/4a/ff49bd77f33af05ca26fee29d601beb1e19ca791bb86efece82a3833885c/libusb_package-1.0.30.0-py3-none-win_amd64.whl", hash = "sha256:90808da724c8939a333d931d0c7226372ca5fefd98e2f2f3ef79fd918aa37522", size = 90711, upload-time = "2026-06-30T07:41:09.318Z" },
]

[[package]]
name = "libusb1"
version = "3.4.0"
source = { registry = "https://pypi.org/simple" }
sdist = { url = "https://files.pythonhosted.org/packages/89/35/f9d2a990d092d647b47540cd229e1d68432c0f51183484ca189612a4824c/libusb1-3.4.0.tar.gz", hash = "sha256:9cf5638506d54f21bf36550d97ea63189111a23c4d8078f630103a2052135f45", size = 91206, upload-time = "2026-05-16T20:59:19.315Z" }
wheels = [
    { url = "https://files.pythonhosted.org/packages/d4/64/d4b59444e4d3b6979aa5eb58840634465a24b41a9ab03dcf8434c9b89551/libusb1-3.4.0-py3-none-any.whl", hash = "sha256:e83d034e44c3efe1c4599c6281d34bca50a38c12cab3b7b6217d583161a01ffd", size = 67373, upload-time = "2026-05-16T20:59:13.142Z" },
    { url = "https://files.pythonhosted.org/packages/7e/55/a838a4278fac4ee49bf670ddc59d621999a1cb2a3188fb13a23609ea4f06/libusb1-3.4.0-py3-none-win32.whl", hash = "sha256:0a1aa1416034690eb9dc9a895eda0fef44d853bca1053eb1de50a5906684846d", size = 129704, upload-time = "2026-05-16T20:59:15.243Z" },
    { url = "https://files.pythonhosted.org/packages/5f/08/02aecf6dad627534a5835244ece14d7f187ef430354d9b8551199934d059/libusb1-3.4.0-py3-none-win_amd64.whl", hash = "sha256:b7dcc1f324a895af6aac708bc5513a17373f97349cc2ab8a277519c788bd18ca", size = 141212, upload-time = "2026-05-16T20:59:17.286Z" },
]

[[package]]
name = "numpy"
version = "2.4.6"
source = { registry = "https://pypi.org/simple" }
resolution-markers = [
    "python_full_version < '3.12'",
]
sdist = { url = "https://files.pythonhosted.org/packages/d0/ad/fed0499ce6a338d2a03ebae59cd15093910c8875328855781952abf6c2fe/numpy-2.4.6.tar.gz", hash = "sha256:f3a3570c4a2a16746ac2c31a7c7c7b0c186b95ce902e33db6f28094ed7387dda", size = 20735807, upload-time = "2026-05-18T23:37:14.07Z" }
wheels = [
    { url = "https://files.pythonhosted.org/packages/b3/49/ec46835a70be8fa6446c495126ac84fdb28cb2558e1620ffb87a10c8b64c/numpy-2.4.6-cp311-cp311-macosx_10_9_x86_64.whl", hash = "sha256:0280e0356c0829a18d9de1cb7eee50ec22ca639878d7240307ca0943d73cd2c4", size = 16969194, upload-time = "2026-05-18T23:33:13.503Z" },
    { url = "https://files.pythonhosted.org/packages/0e/0d/f5957185c0ee2f3e12f78715aa9e3b353fd83633316c8532b38faa37e3f6/numpy-2.4.6-cp311-cp311-macosx_11_0_arm64.whl", hash = "sha256:110f8b71aacb688ec69062bb7f6938a0f8acb01b7c1c4beb453c65b6d234584d", size = 14964111, upload-time = "2026-05-18T23:33:17.795Z" },
    { url = "https://files.pythonhosted.org/packages/ad/40/40a40ee0ddf7ceb782c49af278894b686e586d65d8c1889c8b5da01a3d7d/numpy-2.4.6-cp311-cp311-macosx_14_0_arm64.whl", hash = "sha256:4cfe66903cc32a9921a6733d96b19bb6abf310397581bbad89c228f5abaf0ee8", size = 5469159, upload-time = "2026-05-18T23:33:20.654Z" },
    { url = "https://files.pythonhosted.org/packages/63/13/f9a8046535cb21deae82f8d03de9617e08882d274fad2539630761888228/numpy-2.4.6-cp311-cp311-macosx_14_0_x86_64.whl", hash = "sha256:8155154c7c691289fe18f510b5d4657c68c67989f293f0535a91360392ff6538", size = 6798936, upload-time = "2026-05-18T23:33:22.987Z" },
    { url = "https://files.pythonhosted.org/packages/33/a8/6fa8c1a345a8c85dbb21932c447bee07c30a2c2a3f31e369c0a84b300147/numpy-2.4.6-cp311-cp311-manylinux_2_27_aarch64.manylinux_2_28_aarch64.whl", hash = "sha256:0ab0a9c4ffb1a6d95ef519fe4247dba8eb6b18ad93999f76b7f657039acabd47", size = 15966692, upload-time = "2026-05-18T23:33:26.62Z" },
    { url = "https://files.pythonhosted.org/packages/02/03/74fe2a4cb3817d94d86402f2506554130a2f01414e299b5a843e5a8a957f/numpy-2.4.6-cp311-cp311-manylinux_2_27_x86_64.manylinux_2_28_x86_64.whl", hash = "sha256:89cd468399cfd2504718f0ba50e410dca55a170b61a02ad92bb18c8a65186e93", size = 16918164, upload-time = "2026-05-18T23:33:29.955Z" },
    { url = "https://files.pythonhosted.org/packages/c5/80/3615be3313f7e7696609bc194b9f0101da809df79e859bdb84e0cd043f46/numpy-2.4.6-cp311-cp311-musllinux_1_2_aarch64.whl", hash = "sha256:c2d37ab77531417474168eb79d6d80b14f821a966818505d03013d0833edb7a8", size = 17322877, upload-time = "2026-05-18T23:33:34.724Z" },
    { url = "https://files.pythonhosted.org/packages/ca/ac/a691e0fe2675e370d0e08ff905adc49a1c8830e8cae03efe4477e92cd55d/numpy-2.4.6-cp311-cp311-musllinux_1_2_x86_64.whl", hash = "sha256:f407cb6b8e9d6d8c626bc73c945db1706035af8fd632295547bf1c9e46d092d6", size = 18651487, upload-time = "2026-05-18T23:33:38.217Z" },
    { url = "https://files.pythonhosted.org/packages/15/a7/9bc1cd626d7bf6869bfedf27b91b6ab5dd607758bf8e959d6fa80c6a59cb/numpy-2.4.6-cp311-cp311-win32.whl", hash = "sha256:ddea102b48f9e339f3948bf22040944184627a30fdf7f858667673b9c5f033c8", size = 6233945, upload-time = "2026-05-18T23:33:41.331Z" },
    { url = "https://files.pythonhosted.org/packages/c5/31/7fc6239c12bce7e931463251cca4426c465e1876ba3cc785402ef4dd8f4e/numpy-2.4.6-cp311-cp311-win_amd64.whl", hash = "sha256:1e254a00cdf42b1e4d5b3d68d33af63268d41340d8885df2ab6470f2e1500147", size = 12608406, upload-time = "2026-05-18T23:33:44.131Z" },
    { url = "https://files.pythonhosted.org/packages/27/83/140f85a466595a16382996a1bf06b2b54bcd597488921b0c9daaeeda72af/numpy-2.4.6-cp311-cp311-win_arm64.whl", hash = "sha256:ed9749eef4cbd126da3dc1d6bcb3a57f5eb7ac6a6484146bdbf743f552dfc577", size = 10479528, upload-time = "2026-05-18T23:33:50.725Z" },
    { url = "https://files.pythonhosted.org/packages/95/2a/3d7b5ac8aac24feaf9ad7ed58f45b0bbc06d37e4338ae84c9f2298b570f9/numpy-2.4.6-cp312-cp312-macosx_10_13_x86_64.whl", hash = "sha256:001fbb8e08d942dd57599e781f2472269ee7f2755fae407b4f67b2f0b17da3f1", size = 16689119, upload-time = "2026-05-18T23:33:54.065Z" },
    { url = "https://files.pythonhosted.org/packages/ea/12/92c4c131527599e8288d6918e888d88726f84d805d784b771f32408aeaef/numpy-2.4.6-cp312-cp312-macosx_11_0_arm64.whl", hash = "sha256:ebfb099f8dcf083deef3ac1ca4c1503f387cf76296fcb3816b66f5ecb5f54fdb", size = 14699246, upload-time = "2026-05-18T23:33:57.621Z" },
    { url = "https://files.pythonhosted.org/packages/ad/fe/c0a6b7b2ca128a8fb228575147073b660656734b8ebe4d76c8fd748dcc79/numpy-2.4.6-cp312-cp312-macosx_14_0_arm64.whl", hash = "sha256:3213d622a0283a39a93d188f3cf72b26862df52fbb4ca3697f51705016523d41", size = 5204410, upload-time = "2026-05-18T23:34:00.302Z" },
    { url = "https://files.pythonhosted.org/packages/f3/d4/9770d14ba719432bb90a421bfd443872ed0f70f7264b64bec12ea363d5fd/numpy-2.4.6-cp312-cp312-macosx_14_0_x86_64.whl", hash = "sha256:357cc07a6d7b0b182ff02249616a03742827ebb1277546b5c7cd7f7620a45698", size = 6551240, upload-time = "2026-05-18T23:34:02.852Z" },
    { url = "https://files.pythonhosted.org/packages/c9/c6/50a46a6205feba2343f1d6d17438107c5dc491ed1c736e6ea68689fd906b/numpy-2.4.6-cp312-cp312-manylinux_2_27_aarch64.manylinux_2_28_aarch64.whl", hash = "sha256:5f9fb9157b4ce2971008323afe46053787b526ef624fea915b261468a8421a0f", size = 15671012, upload-time = "2026-05-18T23:34:05.485Z" },
    { url = "https://files.pythonhosted.org/packages/99/60/14115e6364fa676c5397c2ad3004e527e9aa487abf5d0706ec81bbd08529/numpy-2.4.6-cp312-cp312-manylinux_2_27_x86_64.manylinux_2_28_x86_64.whl", hash = "sha256:90f9849678c75fe7afa2d348ac842c168b0a4d3d61919687216dfc547976d853", size = 16645538, upload-time = "2026-05-18T23:34:09.265Z" },
    { url = "https://files.pythonhosted.org/packages/ae/c5/693cbe59e57db94d2231fa519ca3978dc9e19da5a8f088588f5c6e947ff2/numpy-2.4.6-cp312-cp312-musllinux_1_2_aarch64.whl", hash = "sha256:c1a2af6c6ef86344a6b0db6b97834208bf598db514f2b155042439b62605601a", size = 17020706, upload-time = "2026-05-18T23:34:13.053Z" },
    { url = "https://files.pythonhosted.org/packages/ef/fc/85b7c4eff9b4966ade25c2273cf7e7012e92366c032058653934b37de044/numpy-2.4.6-cp312-cp312-musllinux_1_2_x86_64.whl", hash = "sha256:e5805d5a22fd19c8ccff10a9561f9df94436b0545619ea579db2d3c35294bce2", size = 18368541, upload-time = "2026-05-18T23:34:17.024Z" },
    { url = "https://files.pythonhosted.org/packages/f6/81/e1b27545deedce7f4a0b348618c6b62d74e36a4dc9ccd42f3eb2f85eee32/numpy-2.4.6-cp312-cp312-win32.whl", hash = "sha256:e3eeb0aabd6bd5ce64faae67e9935203a6991b4bc2a485a767fbafb2c5125f45", size = 5962825, upload-time = "2026-05-18T23:34:20.3Z" },
    { url = "https://files.pythonhosted.org/packages/ab/ca/feab00bd44aa5fe1ad2c18f08b4d3bb92e26484b0b1d1443897809ed528c/numpy-2.4.6-cp312-cp312-win_amd64.whl", hash = "sha256:d8e8286dd7cea7895157318d1b91cdacac64c479f3cbc8dce548331728484751", size = 12321687, upload-time = "2026-05-18T23:34:23.095Z" },
    { url = "https://files.pythonhosted.org/packages/63/cf/5a6d34850a39d1093558564f77ee8e8e0bee5061151b8f05a55711001ec7/numpy-2.4.6-cp312-cp312-win_arm64.whl", hash = "sha256:4081eb135ac24158bd51cdfbef16f1c64df7063b1143f24731387137c092bec8", size = 10221482, upload-time = "2026-05-18T23:34:25.876Z" },
    { url = "https://files.pythonhosted.org/packages/de/12/b422cc84439adc0d00de605bf4a308890ae5c26f2c71fbd73e5d08fbb0dd/numpy-2.4.6-pp311-pypy311_pp73-macosx_10_15_x86_64.whl", hash = "sha256:55cced7c52e981362f708ad635198e97a752dfba412cc03c23bbf3bd8d5cd662", size = 16847511, upload-time = "2026-05-18T23:36:50.673Z" },
    { url = "https://files.pythonhosted.org/packages/44/53/f481bef68011740f8849418d82db07230e825013f31f4eef5ba5b805316a/numpy-2.4.6-pp311-pypy311_pp73-macosx_11_0_arm64.whl", hash = "sha256:d6da64deb6b8ed903e7560180a92f2d804ee1ba5eeb849ac2748b8c1aba1f6d7", size = 14889064, upload-time = "2026-05-18T23:36:53.879Z" },
    { url = "https://files.pythonhosted.org/packages/7f/57/42ed575c10ced8af951d426bc4e1f8aff16fd851db33f067036215a7f860/numpy-2.4.6-pp311-pypy311_pp73-macosx_14_0_arm64.whl", hash = "sha256:68a5124b13fa6cc2086764a20005d30bc0548146f7f5322f02fce212ca14317f", size = 5394157, upload-time = "2026-05-18T23:36:57.194Z" },
    { url = "https://files.pythonhosted.org/packages/6a/ef/f66cc724fcc36c1e364c67f51ae9146090b8b584f27d58b97fdae3edd737/numpy-2.4.6-pp311-pypy311_pp73-macosx_14_0_x86_64.whl", hash = "sha256:948424b06129ce883307e8cff868c31396d8dc7630a59c61d70d98dbe70f222c", size = 6708728, upload-time = "2026-05-18T23:36:59.575Z" },
    { url = "https://files.pythonhosted.org/packages/1a/9c/c531f2293b91265d8b48e9b329f54fdd7ffae73cb4134ea10cca4237e9cc/numpy-2.4.6-pp311-pypy311_pp73-manylinux_2_27_aarch64.manylinux_2_28_aarch64.whl", hash = "sha256:5dbbdb29840ca3d91ee0fece42fc29278886d908280bfec0a5846c6f901a3eb0", size = 15798374, upload-time = "2026-05-18T23:37:02.674Z" },
    { url = "https://files.pythonhosted.org/packages/1a/b0/413077f6b1153ed3cba361401c6783bbad6114804a000cc22eb71c13e190/numpy-2.4.6-pp311-pypy311_pp73-manylinux_2_27_x86_64.manylinux_2_28_x86_64.whl", hash = "sha256:8ad03c0965fb3c692200e74d458ca28c1dbb4ce96f9a479a8aa041ad5fabca02", size = 16747286, upload-time = "2026-05-18T23:37:06.327Z" },
    { url = "https://files.pythonhosted.org/packages/15/ce/e5ec180bc41812edcd8daeb8639d205622c0e8c02259d8ab25a0201b3c2a/numpy-2.4.6-pp311-pypy311_pp73-win_amd64.whl", hash = "sha256:2803abfebfc990042cd494d8ce2d5f82e9d847af6d35ec486923aa19dbad5e73", size = 12504263, upload-time = "2026-05-18T23:37:09.715Z" },
]

[[package]]
name = "numpy"
version = "2.5.3"
source = { registry = "https://pypi.org/simple" }
resolution-markers = [
    "python_full_version >= '3.12'",
]
sdist = { url = "https://files.pythonhosted.org/packages/13/01/11703282db468b85f6f7b8c7f22d058de5970d5c7e60a3a8aaa313c3de36/numpy-2.5.3.tar.gz", hash = "sha256:df2d5874ff183595a4ba404edd04f6bd9b5505c1d7708573f6a6c17489a67563", size = 20791231, upload-time = "2026-09-06T16:27:47.073Z" }
wheels = [
    { url = "https://files.pythonhosted.org/packages/d6/50/8fdbb16af64895706a45f06a4068e29db732ec180f3c1375f14123359138/numpy-2.5.3-cp312-cp312-macosx_10_13_x86_64.whl", hash = "sha256:cb189f09db39283b26bfd061ec16189e14f71c6755207f72a0f7540867afe5b9", size = 16994982, upload-time = "2026-09-06T16:24:29.244Z" },
    { url = "https://files.pythonhosted.org/packages/60/39/789131c1188c078dcb3a1692e72e1e050c68b88ffe72c9ccaac9bcd7a9cd/numpy-2.5.3-cp312-cp312-macosx_11_0_arm64.whl", hash = "sha256:f59a878c33d6b88122d80d239bb3b845d58708750b0cb06a09aebb9b18ec696c", size = 12009327, upload-time = "2026-09-06T16:24:32.491Z" },
    { url = "https://files.pythonhosted.org/packages/9c/59/a312e95696e5f601914dd8b6dd844692ba61670807417e24b68e337b5c70/numpy-2.5.3-cp312-cp312-macosx_14_0_arm64.whl", hash = "sha256:a72f874bc9e10e4b8f80426fb49716d5141f64442a0c8418065093ec8017fbb0", size = 5445405, upload-time = "2026-09-06T16:24:35.071Z" },
    { url = "https://files.pythonhosted.org/packages/30/d0/5623a1707ed4fe16e3909fe3cf5ee3da004ae677ad23d83bbf3adf1a6faf/numpy-2.5.3-cp312-cp312-macosx_14_0_x86_64.whl", hash = "sha256:fc36dc566135b5eceec4cf89758fcb719266a019ef07dae1754ae7c9f617ef3e", size = 6783213, upload-time = "2026-09-06T16:24:37.253Z" },
    { url = "https://files.pythonhosted.org/packages/f1/32/84146fc020ad3c25f805f70ab60da46fe3c540a21369754a7e4369754b6f/numpy-2.5.3-cp312-cp312-manylinux_2_27_aarch64.manylinux_2_28_aarch64.whl", hash = "sha256:76c2c1e6bfa5c84adc6434dfbf013aa92096a7985221762c8f11fedfd20fff58", size = 15687872, upload-time = "2026-09-06T16:24:39.751Z" },
    { url = "https://files.pythonhosted.org/packages/65/af/aa78d1a88805456e212b65461354cd943197fb9acecc4c90fd12295123a3/numpy-2.5.3-cp312-cp312-manylinux_2_27_x86_64.manylinux_2_28_x86_64.whl", hash = "sha256:b7e18c623bb5c95acb3b3328861272816ba199fb531921c5d6d0b675f1fde9e3", size = 16717410, upload-time = "2026-09-06T16:24:42.745Z" },
    { url = "https://files.pythonhosted.org/packages/3b/24/faa79d865e69a97ba17473b23a1b74094b2259c03e820c70297293b9ea49/numpy-2.5.3-cp312-cp312-musllinux_1_2_aarch64.whl", hash = "sha256:4f8929ee6c96bfbd7b4ed2032e0c03af86fe1826740ab61ddabf9072d06e57ff", size = 17040975, upload-time = "2026-09-06T16:24:45.961Z" },
    { url = "https://files.pythonhosted.org/packages/62/4a/8877e629445a7176297dffcaf9c485faa96a95d81728a62521ad55bd4c0f/numpy-2.5.3-cp312-cp312-musllinux_1_2_x86_64.whl", hash = "sha256:b5d93cf48f687479941d12b69c873ad2cc76bbd487f0091c2200636497f34034", size = 18476479, upload-time = "2026-09-06T16:24:49.35Z" },
    { url = "https://files.pythonhosted.org/packages/c8/db/35e1c2d38b04cbd5b731f9d71495e055e813197669d22b612f11748d2ff9/numpy-2.5.3-cp312-cp312-win32.whl", hash = "sha256:bf63afbe037eb5d2fe87fbcc7778e61da53ebaf21d938a4515aa73b62532a5d4", size = 6133378, upload-time = "2026-09-06T16:24:51.915Z" },
    { url = "https://files.pythonhosted.org/packages/3c/a1/accf6d4f0c80c5d9ba9735d6b1550e444180599f34dec69ca01360f717ad/numpy-2.5.3-cp312-cp312-win_amd64.whl", hash = "sha256:0a59a421a32580a009e8a1751345bf829631b990dc1794b80514ab722b435def", size = 12567828, upload-time = "2026-09-06T16:24:54.255Z" },
    { url = "https://files.pythonhosted.org/packages/22/43/1764aff32e4652526ae2f71fa8b3efd8d25c8a3d6926914454e47138ed1e/numpy-2.5.3-cp312-cp312-win_arm64.whl", hash = "sha256:ccb32e0525d29e8b0572eb84c9a57af0e7a4e615726927506f55063c62414034", size = 10485432, upload-time = "2026-09-06T16:24:57.278Z" },
]

[[package]]
name = "opendbc"
version = "0.3.1"
source = { registry = "https://pypi.org/simple" }
dependencies = [
    { name = "numpy", version = "2.4.6", source = { registry = "https://pypi.org/simple" }, marker = "python_full_version < '3.12'" },
    { name = "numpy", version = "2.5.3", source = { registry = "https://pypi.org/simple" }, marker = "python_full_version >= '3.12'" },
    { name = "pycapnp" },
    { name = "pycryptodome" },
    { name = "tqdm" },
]
sdist = { url = "https://files.pythonhosted.org/packages/60/58/b93eec6cc519b315b9c25bf3ac36a15113727ba3196e2bad5be380f1ef5d/opendbc-0.3.1.tar.gz", hash = "sha256:6235a31617d56b0a1e7c8aebd89bbd77db170d21d05a82a01959ed7c17e06954", size = 1122626, upload-time = "2026-04-22T08:28:19.108Z" }
wheels = [
    { url = "https://files.pythonhosted.org/packages/be/e9/c65a92b1da42ef251ef944500246a37e4f1e03c5f50d9127437cd9c1d561/opendbc-0.3.1-py3-none-any.whl", hash = "sha256:5552994344a885d85836f2487b85e958e69ab1a0e8d11e30ec508d316bf58ae1", size = 1271943, upload-time = "2026-04-22T08:28:17.381Z" },
]

[[package]]
name = "packaging"
version = "26.3"
source = { registry = "https://pypi.org/simple" }
sdist = { url = "https://files.pythonhosted.org/packages/7d/fa/3944b40b07da9ce895c0e6303a5ab7d53da063554f534556b134a54d6093/packaging-26.3.tar.gz", hash = "sha256:94edc256424af38762eb31306eed28beb9f0efc50a8837492c9d6fd6004aed79", size = 313412, upload-time = "2026-08-04T18:15:28.737Z" }
wheels = [
    { url = "https://files.pythonhosted.org/packages/63/34/ba1c580383c9eada3711951fef0795c80b829a078d72188184bcab9dd527/packaging-26.3-py3-none-any.whl", hash = "sha256:d7193f7c8e4e93f444fde0262bf90af30e16fa0ad0ad44cb553c87339b23cd1c", size = 129956, upload-time = "2026-08-04T18:15:27.159Z" },
]

[[package]]
name = "pandacan"
version = "0.0.10"
source = { git = "https://github.com/commaai/panda.git?rev=bbc93b17d8612c60c10b43553b37adce53817bf4#bbc93b17d8612c60c10b43553b37adce53817bf4" }
dependencies = [
    { name = "libusb-package" },
    { name = "libusb1" },
    { name = "opendbc" },
    { name = "spidev", marker = "sys_platform == 'linux'" },
]

[[package]]
name = "pluggy"
version = "1.6.0"
source = { registry = "https://pypi.org/simple" }
sdist = { url = "https://files.pythonhosted.org/packages/f9/e2/3e91f31a7d2b083fe6ef3fa267035b518369d9511ffab804f839851d2779/pluggy-1.6.0.tar.gz", hash = "sha256:7dcc130b76258d33b90f61b658791dede3486c3e6bfb003ee5c9bfb396dd22f3", size = 69412, upload-time = "2025-05-15T12:30:07.975Z" }
wheels = [
    { url = "https://files.pythonhosted.org/packages/54/20/4d324d65cc6d9205fabedc306948156824eb9f0ee1633355a8f7ec5c66bf/pluggy-1.6.0-py3-none-any.whl", hash = "sha256:e920276dd6813095e9377c0bc5566d94c932c33b27a3e3945d8389c374dd4746", size = 20538, upload-time = "2025-05-15T12:30:06.134Z" },
]

[[package]]
name = "pycapnp"
version = "2.1.0"
source = { registry = "https://pypi.org/simple" }
sdist = { url = "https://files.pythonhosted.org/packages/15/86/a57e3c92acd3e1d2fc3dcad683ada191f722e4ac927e1a384b228ec2780a/pycapnp-2.1.0.tar.gz", hash = "sha256:69cc3d861fee1c9b26c73ad2e8a5d51e76ad87e4ff9be33a4fd2fc72f5846aec", size = 689734, upload-time = "2025-09-05T03:50:40.851Z" }
wheels = [
    { url = "https://files.pythonhosted.org/packages/68/7c/934750a0ca77431a22e68e11521dcc6b801bea3ff37331d6a519e5ad142e/pycapnp-2.1.0-cp311-cp311-macosx_10_9_x86_64.whl", hash = "sha256:efacc439ec287d9e8a0ebf01a515404eff795659401e65ba6f1819c7b24f4380", size = 1628855, upload-time = "2025-09-05T03:48:32.317Z" },
    { url = "https://files.pythonhosted.org/packages/2e/a2/fd2c10b3f2e5010c747aa946b27fe09f665d65d5dc2afdd31838a3ef2f5d/pycapnp-2.1.0-cp311-cp311-macosx_11_0_arm64.whl", hash = "sha256:f3d8af535a8b44dfd71731a191386c6b821b8a4915806948893d18c79f547a8e", size = 1496942, upload-time = "2025-09-05T03:48:34.905Z" },
    { url = "https://files.pythonhosted.org/packages/0b/8a/42bd0e4c094ef534ac6890d34adae580cbbf5b0497fc0a6340bea833a617/pycapnp-2.1.0-cp311-cp311-manylinux_2_28_aarch64.whl", hash = "sha256:117d1d5ebfc08cc189aca4f771b34fedc1291a3f9417167bd2d9b2a4e607e640", size = 5200170, upload-time = "2025-09-05T03:48:36.502Z" },
    { url = "https://files.pythonhosted.org/packages/af/30/2e92268383135082191c3dea4a9ad184d20b7fb2dda1477fd6ee520fd88e/pycapnp-2.1.0-cp311-cp311-manylinux_2_28_ppc64le.whl", hash = "sha256:d881ccc69e381863a88c7b6c7092a6baecb6dfc8c5558d66bc967c7f778fe7bc", size = 5684026, upload-time = "2025-09-05T03:48:38.063Z" },
    { url = "https://files.pythonhosted.org/packages/46/9c/bca1cbd7711c9c0f0f62ca95a49835369a61c4f6527a6900c8982045bf2f/pycapnp-2.1.0-cp311-cp311-manylinux_2_28_s390x.whl", hash = "sha256:8a4ea330e38ba83f6f03fbdc1f58642eb53e6f6f66734a426fa592dc988d70e9", size = 5709307, upload-time = "2025-09-05T03:48:40.127Z" },
    { url = "https://files.pythonhosted.org/packages/2d/29/cd14676d992c7b166baa7e022b369c15240d408b202410d105b23b25f737/pycapnp-2.1.0-cp311-cp311-manylinux_2_28_x86_64.whl", hash = "sha256:fb2563de4619d359820de9d47b4704e4f7eda193ffc4a56e39cdcd2c8301c336", size = 5386505, upload-time = "2025-09-05T03:48:41.785Z" },
    { url = "https://files.pythonhosted.org/packages/ae/dd/2fc57cebe9be7e4cd3d6aec0b9c8a0db9772c1b17c37cfe4f04c050422cf/pycapnp-2.1.0-cp311-cp311-musllinux_1_2_aarch64.whl", hash = "sha256:5265d1ae34f9c089fa6983f6c1be404ce480c82b927017290bd703328fa3f5df", size = 6095180, upload-time = "2025-09-05T03:48:43.795Z" },
    { url = "https://files.pythonhosted.org/packages/5a/16/da8c1ada7770a532c859df475533eec5a1b2f5e81a269466a2fe670c5747/pycapnp-2.1.0-cp311-cp311-musllinux_1_2_ppc64le.whl", hash = "sha256:b0a56370a868f752375a785bfb7e06b55cbe71605972615d1220c380bc452380", size = 6603414, upload-time = "2025-09-05T03:48:45.457Z" },
    { url = "https://files.pythonhosted.org/packages/f0/e6/a36eacaf2da6a5ac9c6565600e559edf95115ff990aa3379aee8dd7ba4fe/pycapnp-2.1.0-cp311-cp311-musllinux_1_2_s390x.whl", hash = "sha256:5d7403c25275cf4badf6f9d0c07b1cb94fcdd599df81aba9b621c32b3dcefae9", size = 6621440, upload-time = "2025-09-05T03:48:47.706Z" },
    { url = "https://files.pythonhosted.org/packages/81/54/9150c03638cf4ecdf1664867382d0049146c658d6de30f189817c502df1a/pycapnp-2.1.0-cp311-cp311-musllinux_1_2_x86_64.whl", hash = "sha256:dea5d0d250fe4851b42cd380a207d773ebae76a990e542a888a5f1442f4c247e", size = 6354219, upload-time = "2025-09-05T03:48:49.336Z" },
    { url = "https://files.pythonhosted.org/packages/66/3e/e49ba2d74456d53b570c8d30a660c3b29ecfea075d5dd663132ff9049f19/pycapnp-2.1.0-cp311-cp311-win32.whl", hash = "sha256:593844c3cd92937eb5e7cd47ea3a62cde2d49a1fc05dba644f513c68f60f1318", size = 1053647, upload-time = "2025-09-05T03:48:51.108Z" },
    { url = "https://files.pythonhosted.org/packages/53/de/2b61908dc6abf25b17fed6b5a3b42a2226ec09467a3944f1d845ac29ef9b/pycapnp-2.1.0-cp311-cp311-win_amd64.whl", hash = "sha256:ac13dd30062bb9985ae9ec4feca106af2b4fdac6468a09c7b74ad754f3921a06", size = 1208911, upload-time = "2025-09-05T03:48:53.219Z" },
    { url = "https://files.pythonhosted.org/packages/74/0e/66b41ba600e5f2523e900b7cc0d2e8496b397a1f2d6a5b7b323ab83418b7/pycapnp-2.1.0-cp312-cp312-macosx_10_13_x86_64.whl", hash = "sha256:2d2ec561bc948d11f64f43bf9601bede5d6a603d105ae311bd5583c7130624a4", size = 1619223, upload-time = "2025-09-05T03:48:54.64Z" },
    { url = "https://files.pythonhosted.org/packages/40/6e/9bcb30180bd40cb0534124ff7f8ba8746a735018d593f608bf40c97821c0/pycapnp-2.1.0-cp312-cp312-macosx_11_0_arm64.whl", hash = "sha256:132cd97f57f6b6636323ca9b68d389dd90b96e87af38cde31e2b5c5a064f277e", size = 1484321, upload-time = "2025-09-05T03:48:55.85Z" },
    { url = "https://files.pythonhosted.org/packages/14/0a/9ee1c9ecaff499e4fd1df2f0335bc20f666ec6ce5cd80f8ab055007f3c9b/pycapnp-2.1.0-cp312-cp312-manylinux_2_28_aarch64.whl", hash = "sha256:568e79268ba7c02a71fe558a8aec1ae3c0f0e6aff809ff618a46afe4964957d2", size = 5143502, upload-time = "2025-09-05T03:48:57.733Z" },
    { url = "https://files.pythonhosted.org/packages/4d/50/65837e1416f7a8861ca1e8fe4582a5aef37192d7ef5e2ecfe46880bfdf9c/pycapnp-2.1.0-cp312-cp312-manylinux_2_28_ppc64le.whl", hash = "sha256:bcbf6f882d78d368c8e4bb792295392f5c4d71ddffa13a48da27e7bd47b99e37", size = 5508134, upload-time = "2025-09-05T03:48:59.383Z" },
    { url = "https://files.pythonhosted.org/packages/a1/59/46df6db800e77dbc3cc940723fb3fd7bc837327c858edf464a0f904bf547/pycapnp-2.1.0-cp312-cp312-manylinux_2_28_s390x.whl", hash = "sha256:dc25b96e393410dde25c61c1df3ce644700ef94826c829426d58c2c6b3e2d2f5", size = 5631794, upload-time = "2025-09-05T03:49:03.511Z" },
    { url = "https://files.pythonhosted.org/packages/63/9d/18e978500d5f6bd8d152f4d6919e3cfb83ead8a71c14613bbb54322df8b9/pycapnp-2.1.0-cp312-cp312-manylinux_2_28_x86_64.whl", hash = "sha256:48938e0436ab1be615fc0a41434119a2065490a6212b9a5e56949e89b0588b76", size = 5369378, upload-time = "2025-09-05T03:49:05.539Z" },
    { url = "https://files.pythonhosted.org/packages/96/dc/726f1917e9996dc29f9fd1cf30674a14546cdbdfa0777e1982b6bd1ad628/pycapnp-2.1.0-cp312-cp312-musllinux_1_2_aarch64.whl", hash = "sha256:0c20de0f6e0b3fa9fa1df3864cf46051db3511b63bc29514d1092af65f2b82a0", size = 5999140, upload-time = "2025-09-05T03:49:07.341Z" },
    { url = "https://files.pythonhosted.org/packages/fd/3a/3bbc4c5776fc32fbf8a59df5c7c5810efd292b933cd6545eb4b16d896268/pycapnp-2.1.0-cp312-cp312-musllinux_1_2_ppc64le.whl", hash = "sha256:18caca6527862475167c10ea0809531130585aa8a86cc76cd1629eb87ee30637", size = 6454308, upload-time = "2025-09-05T03:49:08.998Z" },
    { url = "https://files.pythonhosted.org/packages/bf/dd/17e2d7808424f10ffddc47329b980488ed83ec716c504791787e593a7a93/pycapnp-2.1.0-cp312-cp312-musllinux_1_2_s390x.whl", hash = "sha256:9dcc11237697007b66e3bfc500d2ad892bd79672c9b50d61fbf728c6aaf936de", size = 6544212, upload-time = "2025-09-05T03:49:10.675Z" },
    { url = "https://files.pythonhosted.org/packages/6a/5b/68090013128d7853f34c43828dd4dc80a7c8516fd1b56057b134e1e4c2c0/pycapnp-2.1.0-cp312-cp312-musllinux_1_2_x86_64.whl", hash = "sha256:c151edf78155b6416e7cb31e2e333d302d742ba52bb37d4dbdf71e75cc999d46", size = 6295279, upload-time = "2025-09-05T03:49:12.712Z" },
    { url = "https://files.pythonhosted.org/packages/5b/52/7d85212b4fcf127588888f71d3dbf5558ee7dc302eba760b12b1b325f9a3/pycapnp-2.1.0-cp312-cp312-win32.whl", hash = "sha256:c09b28419321dafafc644d60c57ff8ccaf3c3e686801b6060c612a7a3c580944", size = 1038995, upload-time = "2025-09-05T03:49:14.165Z" },
    { url = "https://files.pythonhosted.org/packages/f2/12/25d283ebf5c28717364647672e7494dc46196ca7a662f5420e4866f45687/pycapnp-2.1.0-cp312-cp312-win_amd64.whl", hash = "sha256:560cb69cc02b0347e85b0629e4c2f0a316240900aa905392f9df6bab0a359989", size = 1176620, upload-time = "2025-09-05T03:49:15.545Z" },
]

[[package]]
name = "pycryptodome"
version = "3.23.0"
source = { registry = "https://pypi.org/simple" }
sdist = { url = "https://files.pythonhosted.org/packages/8e/a6/8452177684d5e906854776276ddd34eca30d1b1e15aa1ee9cefc289a33f5/pycryptodome-3.23.0.tar.gz", hash = "sha256:447700a657182d60338bab09fdb27518f8856aecd80ae4c6bdddb67ff5da44ef", size = 4921276, upload-time = "2025-05-17T17:21:45.242Z" }
wheels = [
    { url = "https://files.pythonhosted.org/packages/db/6c/a1f71542c969912bb0e106f64f60a56cc1f0fabecf9396f45accbe63fa68/pycryptodome-3.23.0-cp37-abi3-macosx_10_9_universal2.whl", hash = "sha256:187058ab80b3281b1de11c2e6842a357a1f71b42cb1e15bce373f3d238135c27", size = 2495627, upload-time = "2025-05-17T17:20:47.139Z" },
    { url = "https://files.pythonhosted.org/packages/6e/4e/a066527e079fc5002390c8acdd3aca431e6ea0a50ffd7201551175b47323/pycryptodome-3.23.0-cp37-abi3-macosx_10_9_x86_64.whl", hash = "sha256:cfb5cd445280c5b0a4e6187a7ce8de5a07b5f3f897f235caa11f1f435f182843", size = 1640362, upload-time = "2025-05-17T17:20:50.392Z" },
    { url = "https://files.pythonhosted.org/packages/50/52/adaf4c8c100a8c49d2bd058e5b551f73dfd8cb89eb4911e25a0c469b6b4e/pycryptodome-3.23.0-cp37-abi3-manylinux_2_17_aarch64.manylinux2014_aarch64.whl", hash = "sha256:67bd81fcbe34f43ad9422ee8fd4843c8e7198dd88dd3d40e6de42ee65fbe1490", size = 2182625, upload-time = "2025-05-17T17:20:52.866Z" },
    { url = "https://files.pythonhosted.org/packages/5f/e9/a09476d436d0ff1402ac3867d933c61805ec2326c6ea557aeeac3825604e/pycryptodome-3.23.0-cp37-abi3-manylinux_2_17_x86_64.manylinux2014_x86_64.whl", hash = "sha256:c8987bd3307a39bc03df5c8e0e3d8be0c4c3518b7f044b0f4c15d1aa78f52575", size = 2268954, upload-time = "2025-05-17T17:20:55.027Z" },
    { url = "https://files.pythonhosted.org/packages/f9/c5/ffe6474e0c551d54cab931918127c46d70cab8f114e0c2b5a3c071c2f484/pycryptodome-3.23.0-cp37-abi3-manylinux_2_5_i686.manylinux1_i686.manylinux_2_17_i686.manylinux2014_i686.whl", hash = "sha256:aa0698f65e5b570426fc31b8162ed4603b0c2841cbb9088e2b01641e3065915b", size = 2308534, upload-time = "2025-05-17T17:20:57.279Z" },
    { url = "https://files.pythonhosted.org/packages/18/28/e199677fc15ecf43010f2463fde4c1a53015d1fe95fb03bca2890836603a/pycryptodome-3.23.0-cp37-abi3-musllinux_1_2_aarch64.whl", hash = "sha256:53ecbafc2b55353edcebd64bf5da94a2a2cdf5090a6915bcca6eca6cc452585a", size = 2181853, upload-time = "2025-05-17T17:20:59.322Z" },
    { url = "https://files.pythonhosted.org/packages/ce/ea/4fdb09f2165ce1365c9eaefef36625583371ee514db58dc9b65d3a255c4c/pycryptodome-3.23.0-cp37-abi3-musllinux_1_2_i686.whl", hash = "sha256:156df9667ad9f2ad26255926524e1c136d6664b741547deb0a86a9acf5ea631f", size = 2342465, upload-time = "2025-05-17T17:21:03.83Z" },
    { url = "https://files.pythonhosted.org/packages/22/82/6edc3fc42fe9284aead511394bac167693fb2b0e0395b28b8bedaa07ef04/pycryptodome-3.23.0-cp37-abi3-musllinux_1_2_x86_64.whl", hash = "sha256:dea827b4d55ee390dc89b2afe5927d4308a8b538ae91d9c6f7a5090f397af1aa", size = 2267414, upload-time = "2025-05-17T17:21:06.72Z" },
    { url = "https://files.pythonhosted.org/packages/59/fe/aae679b64363eb78326c7fdc9d06ec3de18bac68be4b612fc1fe8902693c/pycryptodome-3.23.0-cp37-abi3-win32.whl", hash = "sha256:507dbead45474b62b2bbe318eb1c4c8ee641077532067fec9c1aa82c31f84886", size = 1768484, upload-time = "2025-05-17T17:21:08.535Z" },
    { url = "https://files.pythonhosted.org/packages/54/2f/e97a1b8294db0daaa87012c24a7bb714147c7ade7656973fd6c736b484ff/pycryptodome-3.23.0-cp37-abi3-win_amd64.whl", hash = "sha256:c75b52aacc6c0c260f204cbdd834f76edc9fb0d8e0da9fbf8352ef58202564e2", size = 1799636, upload-time = "2025-05-17T17:21:10.393Z" },
    { url = "https://files.pythonhosted.org/packages/18/3d/f9441a0d798bf2b1e645adc3265e55706aead1255ccdad3856dbdcffec14/pycryptodome-3.23.0-cp37-abi3-win_arm64.whl", hash = "sha256:11eeeb6917903876f134b56ba11abe95c0b0fd5e3330def218083c7d98bbcb3c", size = 1703675, upload-time = "2025-05-17T17:21:13.146Z" },
]

[[package]]
name = "pygments"
version = "2.21.0"
source = { registry = "https://pypi.org/simple" }
sdist = { url = "https://files.pythonhosted.org/packages/49/2e/ced460408999b33da6b31b0021b0f37d329e202d4169aeb164493778f25b/pygments-2.21.0.tar.gz", hash = "sha256:610ca751c9bc2492b38eb9a38a7fbc93edbbb2d7182edaf34e66ae493dee5c8c", size = 5005329, upload-time = "2026-08-17T08:02:48.824Z" }
wheels = [
    { url = "https://files.pythonhosted.org/packages/71/46/17f022dd3e953bf20a04a028a21ec746d942f8d2af30fa0f124fa0e6a684/pygments-2.21.0-py3-none-any.whl", hash = "sha256:2363c69b61c4a97c838da3b130dcd6468f4848992b21a82f2a63ec34377137d9", size = 1250147, upload-time = "2026-08-17T08:02:44.912Z" },
]

[[package]]
name = "pytest"
version = "8.4.2"
source = { registry = "https://pypi.org/simple" }
dependencies = [
    { name = "colorama", marker = "sys_platform == 'win32'" },
    { name = "iniconfig" },
    { name = "packaging" },
    { name = "pluggy" },
    { name = "pygments" },
]
sdist = { url = "https://files.pythonhosted.org/packages/a3/5c/00a0e072241553e1a7496d638deababa67c5058571567b92a7eaa258397c/pytest-8.4.2.tar.gz", hash = "sha256:86c0d0b93306b961d58d62a4db4879f27fe25513d4b969df351abdddb3c30e01", size = 1519618, upload-time = "2025-09-04T14:34:22.711Z" }
wheels = [
    { url = "https://files.pythonhosted.org/packages/a8/a4/20da314d277121d6534b3a980b29035dcd51e6744bd79075a6ce8fa4eb8d/pytest-8.4.2-py3-none-any.whl", hash = "sha256:872f880de3fc3a5bdc88a11b39c9710c3497a547cfa9320bc3c5e62fbf272e79", size = 365750, upload-time = "2025-09-04T14:34:20.226Z" },
]

[[package]]
name = "spidev"
version = "3.8"
source = { registry = "https://pypi.org/simple" }
sdist = { url = "https://files.pythonhosted.org/packages/67/87/039b6eeea781598015b538691bc174cc0bf77df9d4d2d3b8bf9245c0de8c/spidev-3.8.tar.gz", hash = "sha256:2bc02fb8c6312d519ebf1f4331067427c0921d3f77b8bcaf05189a2e8b8382c0", size = 13893, upload-time = "2025-09-15T18:56:20.672Z" }

[[package]]
name = "toyota-diagnostics"
version = "0.1.0"
source = { editable = "." }
dependencies = [
    { name = "opendbc" },
]

[package.optional-dependencies]
live = [
    { name = "pandacan" },
]

[package.dev-dependencies]
dev = [
    { name = "pytest" },
]

[package.metadata]
requires-dist = [
    { name = "opendbc", specifier = "==0.3.1" },
    { name = "pandacan", marker = "extra == 'live'", git = "https://github.com/commaai/panda.git?rev=bbc93b17d8612c60c10b43553b37adce53817bf4" },
]
provides-extras = ["live"]

[package.metadata.requires-dev]
dev = [{ name = "pytest", specifier = ">=8,<9" }]

[[package]]
name = "tqdm"
version = "4.70.1"
source = { registry = "https://pypi.org/simple" }
dependencies = [
    { name = "colorama", marker = "sys_platform == 'win32'" },
]
sdist = { url = "https://files.pythonhosted.org/packages/0d/ea/b2a5bd54b28a324dae8211928b2d730b6547500342c7e6c6dea08bd0a485/tqdm-4.70.1.tar.gz", hash = "sha256:cefd0eca11b2a37a3aee776544d4f4ae913f02688135b5556b8788dfa474afc4", size = 171846, upload-time = "2026-09-11T07:25:16.601Z" }
wheels = [
    { url = "https://files.pythonhosted.org/packages/a7/03/921a3d3c75785aca9ebfbfcabfbc3a1be12e2ab5265deb026d55a5a3f83e/tqdm-4.70.1-py3-none-any.whl", hash = "sha256:c293e525e6fef9c20e8728fd4612df02a0aa31bb5fe91ecd93e123b1b7bffa73", size = 80199, upload-time = "2026-09-11T07:25:14.599Z" },
]
